# This file is automatically @generated by Cargo.
# It is not intended for manual editing.
version = 4

[[package]]
name = "mosaic-core"
version = "0.0.0"

[[package]]
name = "mosaic-engine"
version = "0.0.0"
dependencies = [
 "mosaic-core",
 "mosaic-ir",
 "mosaic-model",
 "mosaic-pack",
 "mosaic-reference",
]

[[package]]
name = "mosaic-ir"
version = "0.0.0"
dependencies = [
 "mosaic-core",
]

[[package]]
name = "mosaic-model"
version = "0.0.0"
dependencies = [
 "mosaic-core",
 "mosaic-ir",
 "mosaic-pack",
]

[[package]]
name = "mosaic-pack"
version = "0.0.0"

[[package]]
name = "mosaic-reference"
version = "0.0.0"
dependencies = [
 "mosaic-core",
 "mosaic-ir",
 "mosaic-model",
 "mosaic-pack",
]

[[package]]
name = "mosaic-unicode"
version = "0.0.0"
dependencies = [
 "mosaic-core",
 "mosaic-pack",
]
